
Microsoft Visual Studio Solution File, Format Version 12.00
# Visual Studio Version 17
VisualStudioVersion = 17.8.34330.188
MinimumVisualStudioVersion = 10.0.40219.1
Project("{2150E333-8FDC-42A3-9474-1A3956D46DE8}") = "4.UI", "4.UI", "{186ABB5F-7F0A-4D9C-A984-2EE4D72AAB03}"
EndProject
Project("{2150E333-8FDC-42A3-9474-1A3956D46DE8}") = "3.API", "3.API", "{8808CE06-C555-46D0-B34E-34BD00D073C1}"
EndProject
Project("{2150E333-8FDC-42A3-9474-1A3956D46DE8}") = "1.Core", "1.Core", "{4BEA1964-2CEB-46CF-9335-A796DFD39459}"
EndProject
Project("{2150E333-8FDC-42A3-9474-1A3956D46DE8}") = "2.Infrastructure", "2.Infrastructure", "{F2F7706D-7F8C-448A-BA08-4CCCADD55D7B}"
EndProject
Project("{FAE04EC0-301F-11D3-BF4B-00C04F79EFBC}") = "Application", "Application\Application.csproj", "{4C4B826C-F912-4B0B-BBEC-B29C0AA04FD6}"
EndProject
Project("{FAE04EC0-301F-11D3-BF4B-00C04F79EFBC}") = "Common", "Common\Common.csproj", "{08BCF3B1-62E1-4477-969B-309938AEEDAD}"
EndProject
Project("{FAE04EC0-301F-11D3-BF4B-00C04F79EFBC}") = "Domain", "Domain\Domain.csproj", "{0FCE8335-B2BE-4C3B-A60D-A65DD644044F}"
EndProject
Project("{FAE04EC0-301F-11D3-BF4B-00C04F79EFBC}") = "Infrastructure", "Infrastructure\Infrastructure.csproj", "{4F1E91E1-6F37-42B7-8C20-FDC69F157102}"
EndProject
Global
	GlobalSection(SolutionConfigurationPlatforms) = preSolution
		Debug|Any CPU = Debug|Any CPU
		Release|Any CPU = Release|Any CPU
	EndGlobalSection
	GlobalSection(ProjectConfigurationPlatforms) = postSolution
		{4C4B826C-F912-4B0B-BBEC-B29C0AA04FD6}.Debug|Any CPU.ActiveCfg = Debug|Any CPU
		{4C4B826C-F912-4B0B-BBEC-B29C0AA04FD6}.Debug|Any CPU.Build.0 = Debug|Any CPU
		{4C4B826C-F912-4B0B-BBEC-B29C0AA04FD6}.Release|Any CPU.ActiveCfg = Release|Any CPU
		{4C4B826C-F912-4B0B-BBEC-B29C0AA04FD6}.Release|Any CPU.Build.0 = Release|Any CPU
		{08BCF3B1-62E1-4477-969B-309938AEEDAD}.Debug|Any CPU.ActiveCfg = Debug|Any CPU
		{08BCF3B1-62E1-4477-969B-309938AEEDAD}.Debug|Any CPU.Build.0 = Debug|Any CPU
		{08BCF3B1-62E1-4477-969B-309938AEEDAD}.Release|Any CPU.ActiveCfg = Release|Any CPU
		{08BCF3B1-62E1-4477-969B-309938AEEDAD}.Release|Any CPU.Build.0 = Release|Any CPU
		{0FCE8335-B2BE-4C3B-A60D-A65DD644044F}.Debug|Any CPU.ActiveCfg = Debug|Any CPU
		{0FCE8335-B2BE-4C3B-A60D-A65DD644044F}.Debug|Any CPU.Build.0 = Debug|Any CPU
		{0FCE8335-B2BE-4C3B-A60D-A65DD644044F}.Release|Any CPU.ActiveCfg = Release|Any CPU
		{0FCE8335-B2BE-4C3B-A60D-A65DD644044F}.Release|Any CPU.Build.0 = Release|Any CPU
		{4F1E91E1-6F37-42B7-8C20-FDC69F157102}.Debug|Any CPU.ActiveCfg = Debug|Any CPU
		{4F1E91E1-6F37-42B7-8C20-FDC69F157102}.Debug|Any CPU.Build.0 = Debug|Any CPU
		{4F1E91E1-6F37-42B7-8C20-FDC69F157102}.Release|Any CPU.ActiveCfg = Release|Any CPU
		{4F1E91E1-6F37-42B7-8C20-FDC69F157102}.Release|Any CPU.Build.0 = Release|Any CPU
	EndGlobalSection
	GlobalSection(SolutionProperties) = preSolution
		HideSolutionNode = FALSE
	EndGlobalSection
	GlobalSection(NestedProjects) = preSolution
		{4C4B826C-F912-4B0B-BBEC-B29C0AA04FD6} = {4BEA1964-2CEB-46CF-9335-A796DFD39459}
		{08BCF3B1-62E1-4477-969B-309938AEEDAD} = {4BEA1964-2CEB-46CF-9335-A796DFD39459}
		{0FCE8335-B2BE-4C3B-A60D-A65DD644044F} = {4BEA1964-2CEB-46CF-9335-A796DFD39459}
		{4F1E91E1-6F37-42B7-8C20-FDC69F157102} = {F2F7706D-7F8C-448A-BA08-4CCCADD55D7B}
	EndGlobalSection
	GlobalSection(ExtensibilityGlobals) = postSolution
		SolutionGuid = {5750A15F-159E-4221-82A1-38B5E3728138}
	EndGlobalSection
EndGlobal
